
Microsoft Visual Studio Solution File, Format Version 12.00
# Visual Studio Version 16
VisualStudioVersion = 16.0.30517.126
MinimumVisualStudioVersion = 10.0.40219.1
Project("{FAE04EC0-301F-11D3-BF4B-00C04F79EFBC}") = "PassworkFetcher", "PassworkFetcher\PassworkFetcher.csproj", "{52D06D20-51A7-4BDA-8AAE-6BD0C08239B4}"
EndProject
Global
	GlobalSection(SolutionConfigurationPlatforms) = preSolution
		Debug|Any CPU = Debug|Any CPU
		Release|Any CPU = Release|Any CPU
	EndGlobalSection
	GlobalSection(ProjectConfigurationPlatforms) = postSolution
		{52D06D20-51A7-4BDA-8AAE-6BD0C08239B4}.Debug|Any CPU.ActiveCfg = Debug|Any CPU
		{52D06D20-51A7-4BDA-8AAE-6BD0C08239B4}.Debug|Any CPU.Build.0 = Debug|Any CPU
		{52D06D20-51A7-4BDA-8AAE-6BD0C08239B4}.Release|Any CPU.ActiveCfg = Release|Any CPU
		{52D06D20-51A7-4BDA-8AAE-6BD0C08239B4}.Release|Any CPU.Build.0 = Release|Any CPU
	EndGlobalSection
	GlobalSection(SolutionProperties) = preSolution
		HideSolutionNode = FALSE
	EndGlobalSection
	GlobalSection(ExtensibilityGlobals) = postSolution
		SolutionGuid = {BCA09CD6-5E80-4C35-8295-3017E4ECACBC}
	EndGlobalSection
EndGlobal
